// !$*UTF8*$!
{
	archiveVersion = 1;
	classes = {
	};
	objectVersion = 50;
	objects = {

/* Begin PBXBuildFile section */
		823505E4209E2EDD004F1A23 /* AppDelegate.swift in Sources */ = {isa = PBXBuildFile; fileRef = 823505E3209E2EDD004F1A23 /* AppDelegate.swift */; };
		823505E6209E2EDD004F1A23 /* ViewController.swift in Sources */ = {isa = PBXBuildFile; fileRef = 823505E5209E2EDD004F1A23 /* ViewController.swift */; };
		823505E9209E2EDD004F1A23 /* Main.storyboard in Resources */ = {isa = PBXBuildFile; fileRef = 823505E7209E2EDD004F1A23 /* Main.storyboard */; };
		823505EC209E2EDD004F1A23 /* Twv8f9ColorPicker.xcdatamodeld in Sources */ = {isa = PBXBuildFile; fileRef = 823505EA209E2EDD004F1A23 /* Twv8f9ColorPicker.xcdatamodeld */; };
		823505EE209E2EDF004F1A23 /* Assets.xcassets in Resources */ = {isa = PBXBuildFile; fileRef = 823505ED209E2EDF004F1A23 /* Assets.xcassets */; };
		823505F1209E2EDF004F1A23 /* LaunchScreen.storyboard in Resources */ = {isa = PBXBuildFile; fileRef = 823505EF209E2EDF004F1A23 /* LaunchScreen.storyboard */; };
		823505FC209E2EDF004F1A23 /* Twv8f9ColorPickerTests.swift in Sources */ = {isa = PBXBuildFile; fileRef = 823505FB209E2EDF004F1A23 /* Twv8f9ColorPickerTests.swift */; };
		82350607209E2EDF004F1A23 /* Twv8f9ColorPickerUITests.swift in Sources */ = {isa = PBXBuildFile; fileRef = 82350606209E2EDF004F1A23 /* Twv8f9ColorPickerUITests.swift */; };
/* End PBXBuildFile section */

/* Begin PBXContainerItemProxy section */
		823505F8209E2EDF004F1A23 /* PBXContainerItemProxy */ = {
			isa = PBXContainerItemProxy;
			containerPortal = 823505D8209E2EDD004F1A23 /* Project object */;
			proxyType = 1;
			remoteGlobalIDString = 823505DF209E2EDD004F1A23;
			remoteInfo = Twv8f9ColorPicker;
		};
		82350603209E2EDF004F1A23 /* PBXContainerItemProxy */ = {
			isa = PBXContainerItemProxy;
			containerPortal = 823505D8209E2EDD004F1A23 /* Project object */;
			proxyType = 1;
			remoteGlobalIDString = 823505DF209E2EDD004F1A23;
			remoteInfo = Twv8f9ColorPicker;
		};
/* End PBXContainerItemProxy section */

/* Begin PBXFileReference section */
		823505E0209E2EDD004F1A23 /* Twv8f9ColorPicker.app */ = {isa = PBXFileReference; explicitFileType = wrapper.application; includeInIndex = 0; path = Twv8f9ColorPicker.app; sourceTree = BUILT_PRODUCTS_DIR; };
		823505E3209E2EDD004F1A23 /* AppDelegate.swift */ = {isa = PBXFileReference; lastKnownFileType = sourcecode.swift; path = AppDelegate.swift; sourceTree = "<group>"; };
		823505E5209E2EDD004F1A23 /* ViewController.swift */ = {isa = PBXFileReference; lastKnownFileType = sourcecode.swift; path = ViewController.swift; sourceTree = "<group>"; };
		823505E8209E2EDD004F1A23 /* Base */ = {isa = PBXFileReference; lastKnownFileType = file.storyboard; name = Base; path = Base.lproj/Main.storyboard; sourceTree = "<group>"; };
		823505EB209E2EDD004F1A23 /* Twv8f9ColorPicker.xcdatamodel */ = {isa = PBXFileReference; lastKnownFileType = wrapper.xcdatamodel; path = Twv8f9ColorPicker.xcdatamodel; sourceTree = "<group>"; };
		823505ED209E2EDF004F1A23 /* Assets.xcassets */ = {isa = PBXFileReference; lastKnownFileType = folder.assetcatalog; path = Assets.xcassets; sourceTree = "<group>"; };
		823505F0209E2EDF004F1A23 /* Base */ = {isa = PBXFileReference; lastKnownFileType = file.storyboard; name = Base; path = Base.lproj/LaunchScreen.storyboard; sourceTree = "<group>"; };
		823505F2209E2EDF004F1A23 /* Info.plist */ = {isa = PBXFileReference; lastKnownFileType = text.plist.xml; path = Info.plist; sourceTree = "<group>"; };
		823505F7209E2EDF004F1A23 /* Twv8f9ColorPickerTests.xctest */ = {isa = PBXFileReference; explicitFileType = wrapper.cfbundle; includeInIndex = 0; path = Twv8f9ColorPickerTests.xctest; sourceTree = BUILT_PRODUCTS_DIR; };
		823505FB209E2EDF004F1A23 /* Twv8f9ColorPickerTests.swift */ = {isa = PBXFileReference; lastKnownFileType = sourcecode.swift; path = Twv8f9ColorPickerTests.swift; sourceTree = "<group>"; };
		823505FD209E2EDF004F1A23 /* Info.plist */ = {isa = PBXFileReference; lastKnownFileType = text.plist.xml; path = Info.plist; sourceTree = "<group>"; };
		82350602209E2EDF004F1A23 /* Twv8f9ColorPickerUITests.xctest */ = {isa = PBXFileReference; explicitFileType = wrapper.cfbundle; includeInIndex = 0; path = Twv8f9ColorPickerUITests.xctest; sourceTree = BUILT_PRODUCTS_DIR; };
		82350606209E2EDF004F1A23 /* Twv8f9ColorPickerUITests.swift */ = {isa = PBXFileReference; lastKnownFileType = sourcecode.swift; path = Twv8f9ColorPickerUITests.swift; sourceTree = "<group>"; };
		82350608209E2EDF004F1A23 /* Info.plist */ = {isa = PBXFileReference; lastKnownFileType = text.plist.xml; path = Info.plist; sourceTree = "<group>"; };
/* End PBXFileReference section */

/* Begin PBXFrameworksBuildPhase section */
		823505DD209E2EDD004F1A23 /* Frameworks */ = {
			isa = PBXFrameworksBuildPhase;
			buildActionMask = 2147483647;
			files = (
			);
			runOnlyForDeploymentPostprocessing = 0;
		};
		823505F4209E2EDF004F1A23 /* Frameworks */ = {
			isa = PBXFrameworksBuildPhase;
			buildActionMask = 2147483647;
			files = (
			);
			runOnlyForDeploymentPostprocessing = 0;
		};
		823505FF209E2EDF004F1A23 /* Frameworks */ = {
			isa = PBXFrameworksBuildPhase;
			buildActionMask = 2147483647;
			files = (
			);
			runOnlyForDeploymentPostprocessing = 0;
		};
/* End PBXFrameworksBuildPhase section */

/* Begin PBXGroup section */
		823505D7209E2EDD004F1A23 = {
			isa = PBXGroup;
			children = (
				823505E2209E2EDD004F1A23 /* Twv8f9ColorPicker */,
				823505FA209E2EDF004F1A23 /* Twv8f9ColorPickerTests */,
				82350605209E2EDF004F1A23 /* Twv8f9ColorPickerUITests */,
				823505E1209E2EDD004F1A23 /* Products */,
			);
			sourceTree = "<group>";
		};
		823505E1209E2EDD004F1A23 /* Products */ = {
			isa = PBXGroup;
			children = (
				823505E0209E2EDD004F1A23 /* Twv8f9ColorPicker.app */,
				823505F7209E2EDF004F1A23 /* Twv8f9ColorPickerTests.xctest */,
				82350602209E2EDF004F1A23 /* Twv8f9ColorPickerUITests.xctest */,
			);
			name = Products;
			sourceTree = "<group>";
		};
		823505E2209E2EDD004F1A23 /* Twv8f9ColorPicker */ = {
			isa = PBXGroup;
			children = (
				823505E3209E2EDD004F1A23 /* AppDelegate.swift */,
				823505E5209E2EDD004F1A23 /* ViewController.swift */,
				823505E7209E2EDD004F1A23 /* Main.storyboard */,
				823505ED209E2EDF004F1A23 /* Assets.xcassets */,
				823505EF209E2EDF004F1A23 /* LaunchScreen.storyboard */,
				823505F2209E2EDF004F1A23 /* Info.plist */,
				823505EA209E2EDD004F1A23 /* Twv8f9ColorPicker.xcdatamodeld */,
			);
			path = Twv8f9ColorPicker;
			sourceTree = "<group>";
		};
		823505FA209E2EDF004F1A23 /* Twv8f9ColorPickerTests */ = {
			isa = PBXGroup;
			children = (
				823505FB209E2EDF004F1A23 /* Twv8f9ColorPickerTests.swift */,
				823505FD209E2EDF004F1A23 /* Info.plist */,
			);
			path = Twv8f9ColorPickerTests;
			sourceTree = "<group>";
		};
		82350605209E2EDF004F1A23 /* Twv8f9ColorPickerUITests */ = {
			isa = PBXGroup;
			children = (
				82350606209E2EDF004F1A23 /* Twv8f9ColorPickerUITests.swift */,
				82350608209E2EDF004F1A23 /* Info.plist */,
			);
			path = Twv8f9ColorPickerUITests;
			sourceTree = "<group>";
		};
/* End PBXGroup section */

/* Begin PBXNativeTarget section */
		823505DF209E2EDD004F1A23 /* Twv8f9ColorPicker */ = {
			isa = PBXNativeTarget;
			buildConfigurationList = 8235060B209E2EDF004F1A23 /* Build configuration list for PBXNativeTarget "Twv8f9ColorPicker" */;
			buildPhases = (
				823505DC209E2EDD004F1A23 /* Sources */,
				823505DD209E2EDD004F1A23 /* Frameworks */,
				823505DE209E2EDD004F1A23 /* Resources */,
			);
			buildRules = (
			);
			dependencies = (
			);
			name = Twv8f9ColorPicker;
			productName = Twv8f9ColorPicker;
			productReference = 823505E0209E2EDD004F1A23 /* Twv8f9ColorPicker.app */;
			productType = "com.apple.product-type.application";
		};
		823505F6209E2EDF004F1A23 /* Twv8f9ColorPickerTests */ = {
			isa = PBXNativeTarget;
			buildConfigurationList = 8235060E209E2EDF004F1A23 /* Build configuration list for PBXNativeTarget "Twv8f9ColorPickerTests" */;
			buildPhases = (
				823505F3209E2EDF004F1A23 /* Sources */,
				823505F4209E2EDF004F1A23 /* Frameworks */,
				823505F5209E2EDF004F1A23 /* Resources */,
			);
			buildRules = (
			);
			dependencies = (
				823505F9209E2EDF004F1A23 /* PBXTargetDependency */,
			);
			name = Twv8f9ColorPickerTests;
			productName = Twv8f9ColorPickerTests;
			productReference = 823505F7209E2EDF004F1A23 /* Twv8f9ColorPickerTests.xctest */;
			productType = "com.apple.product-type.bundle.unit-test";
		};
		82350601209E2EDF004F1A23 /* Twv8f9ColorPickerUITests */ = {
			isa = PBXNativeTarget;
			buildConfigurationList = 82350611209E2EDF004F1A23 /* Build configuration list for PBXNativeTarget "Twv8f9ColorPickerUITests" */;
			buildPhases = (
				823505FE209E2EDF004F1A23 /* Sources */,
				823505FF209E2EDF004F1A23 /* Frameworks */,
				82350600209E2EDF004F1A23 /* Resources */,
			);
			buildRules = (
			);
			dependencies = (
				82350604209E2EDF004F1A23 /* PBXTargetDependency */,
			);
			name = Twv8f9ColorPickerUITests;
			productName = Twv8f9ColorPickerUITests;
			productReference = 82350602209E2EDF004F1A23 /* Twv8f9ColorPickerUITests.xctest */;
			productType = "com.apple.product-type.bundle.ui-testing";
		};
/* End PBXNativeTarget section */

/* Begin PBXProject section */
		823505D8209E2EDD004F1A23 /* Project object */ = {
			isa = PBXProject;
			attributes = {
				LastSwiftUpdateCheck = 0930;
				LastUpgradeCheck = 0930;
				ORGANIZATIONNAME = "Wills Van Doorn";
				TargetAttributes = {
					823505DF209E2EDD004F1A23 = {
						CreatedOnToolsVersion = 9.3;
					};
					823505F6209E2EDF004F1A23 = {
						CreatedOnToolsVersion = 9.3;
						TestTargetID = 823505DF209E2EDD004F1A23;
					};
					82350601209E2EDF004F1A23 = {
						CreatedOnToolsVersion = 9.3;
						TestTargetID = 823505DF209E2EDD004F1A23;
					};
				};
			};
			buildConfigurationList = 823505DB209E2EDD004F1A23 /* Build configuration list for PBXProject "Twv8f9ColorPicker" */;
			compatibilityVersion = "Xcode 9.3";
			developmentRegion = en;
			hasScannedForEncodings = 0;
			knownRegions = (
				en,
				Base,
			);
			mainGroup = 823505D7209E2EDD004F1A23;
			productRefGroup = 823505E1209E2EDD004F1A23 /* Products */;
			projectDirPath = "";
			projectRoot = "";
			targets = (
				823505DF209E2EDD004F1A23 /* Twv8f9ColorPicker */,
				823505F6209E2EDF004F1A23 /* Twv8f9ColorPickerTests */,
				82350601209E2EDF004F1A23 /* Twv8f9ColorPickerUITests */,
			);
		};
/* End PBXProject section */

/* Begin PBXResourcesBuildPhase section */
		823505DE209E2EDD004F1A23 /* Resources */ = {
			isa = PBXResourcesBuildPhase;
			buildActionMask = 2147483647;
			files = (
				823505F1209E2EDF004F1A23 /* LaunchScreen.storyboard in Resources */,
				823505EE209E2EDF004F1A23 /* Assets.xcassets in Resources */,
				823505E9209E2EDD004F1A23 /* Main.storyboard in Resources */,
			);
			runOnlyForDeploymentPostprocessing = 0;
		};
		823505F5209E2EDF004F1A23 /* Resources */ = {
			isa = PBXResourcesBuildPhase;
			buildActionMask = 2147483647;
			files = (
			);
			runOnlyForDeploymentPostprocessing = 0;
		};
		82350600209E2EDF004F1A23 /* Resources */ = {
			isa = PBXResourcesBuildPhase;
			buildActionMask = 2147483647;
			files = (
			);
			runOnlyForDeploymentPostprocessing = 0;
		};
/* End PBXResourcesBuildPhase section */

/* Begin PBXSourcesBuildPhase section */
		823505DC209E2EDD004F1A23 /* Sources */ = {
			isa = PBXSourcesBuildPhase;
			buildActionMask = 2147483647;
			files = (
				823505E6209E2EDD004F1A23 /* ViewController.swift in Sources */,
				823505EC209E2EDD004F1A23 /* Twv8f9ColorPicker.xcdatamodeld in Sources */,
				823505E4209E2EDD004F1A23 /* AppDelegate.swift in Sources */,
			);
			runOnlyForDeploymentPostprocessing = 0;
		};
		823505F3209E2EDF004F1A23 /* Sources */ = {
			isa = PBXSourcesBuildPhase;
			buildActionMask = 2147483647;
			files = (
				823505FC209E2EDF004F1A23 /* Twv8f9ColorPickerTests.swift in Sources */,
			);
			runOnlyForDeploymentPostprocessing = 0;
		};
		823505FE209E2EDF004F1A23 /* Sources */ = {
			isa = PBXSourcesBuildPhase;
			buildActionMask = 2147483647;
			files = (
				82350607209E2EDF004F1A23 /* Twv8f9ColorPickerUITests.swift in Sources */,
			);
			runOnlyForDeploymentPostprocessing = 0;
		};
/* End PBXSourcesBuildPhase section */

/* Begin PBXTargetDependency section */
		823505F9209E2EDF004F1A23 /* PBXTargetDependency */ = {
			isa = PBXTargetDependency;
			target = 823505DF209E2EDD004F1A23 /* Twv8f9ColorPicker */;
			targetProxy = 823505F8209E2EDF004F1A23 /* PBXContainerItemProxy */;
		};
		82350604209E2EDF004F1A23 /* PBXTargetDependency */ = {
			isa = PBXTargetDependency;
			target = 823505DF209E2EDD004F1A23 /* Twv8f9ColorPicker */;
			targetProxy = 82350603209E2EDF004F1A23 /* PBXContainerItemProxy */;
		};
/* End PBXTargetDependency section */

/* Begin PBXVariantGroup section */
		823505E7209E2EDD004F1A23 /* Main.storyboard */ = {
			isa = PBXVariantGroup;
			children = (
				823505E8209E2EDD004F1A23 /* Base */,
			);
			name = Main.storyboard;
			sourceTree = "<group>";
		};
		823505EF209E2EDF004F1A23 /* LaunchScreen.storyboard */ = {
			isa = PBXVariantGroup;
			children = (
				823505F0209E2EDF004F1A23 /* Base */,
			);
			name = LaunchScreen.storyboard;
			sourceTree = "<group>";
		};
/* End PBXVariantGroup section */

/* Begin XCBuildConfiguration section */
		82350609209E2EDF004F1A23 /* Debug */ = {
			isa = XCBuildConfiguration;
			buildSettings = {
				ALWAYS_SEARCH_USER_PATHS = NO;
				CLANG_ANALYZER_NONNULL = YES;
				CLANG_ANALYZER_NUMBER_OBJECT_CONVERSION = YES_AGGRESSIVE;
				CLANG_CXX_LANGUAGE_STANDARD = "gnu++14";
				CLANG_CXX_LIBRARY = "libc++";
				CLANG_ENABLE_MODULES = YES;
				CLANG_ENABLE_OBJC_ARC = YES;
				CLANG_ENABLE_OBJC_WEAK = YES;
				CLANG_WARN_BLOCK_CAPTURE_AUTORELEASING = YES;
				CLANG_WARN_BOOL_CONVERSION = YES;
				CLANG_WARN_COMMA = YES;
				CLANG_WARN_CONSTANT_CONVERSION = YES;
				CLANG_WARN_DEPRECATED_OBJC_IMPLEMENTATIONS = YES;
				CLANG_WARN_DIRECT_OBJC_ISA_USAGE = YES_ERROR;
				CLANG_WARN_DOCUMENTATION_COMMENTS = YES;
				CLANG_WARN_EMPTY_BODY = YES;
				CLANG_WARN_ENUM_CONVERSION = YES;
				CLANG_WARN_INFINITE_RECURSION = YES;
				CLANG_WARN_INT_CONVERSION = YES;
				CLANG_WARN_NON_LITERAL_NULL_CONVERSION = YES;
				CLANG_WARN_OBJC_IMPLICIT_RETAIN_SELF = YES;
				CLANG_WARN_OBJC_LITERAL_CONVERSION = YES;
				CLANG_WARN_OBJC_ROOT_CLASS = YES_ERROR;
				CLANG_WARN_RANGE_LOOP_ANALYSIS = YES;
				CLANG_WARN_STRICT_PROTOTYPES = YES;
				CLANG_WARN_SUSPICIOUS_MOVE = YES;
				CLANG_WARN_UNGUARDED_AVAILABILITY = YES_AGGRESSIVE;
				CLANG_WARN_UNREACHABLE_CODE = YES;
				CLANG_WARN__DUPLICATE_METHOD_MATCH = YES;
				CODE_SIGN_IDENTITY = "iPhone Developer";
				COPY_PHASE_STRIP = NO;
				DEBUG_INFORMATION_FORMAT = dwarf;
				ENABLE_STRICT_OBJC_MSGSEND = YES;
				ENABLE_TESTABILITY = YES;
				GCC_C_LANGUAGE_STANDARD = gnu11;
				GCC_DYNAMIC_NO_PIC = NO;
				GCC_NO_COMMON_BLOCKS = YES;
				GCC_OPTIMIZATION_LEVEL = 0;
				GCC_PREPROCESSOR_DEFINITIONS = (
					"DEBUG=1",
					"$(inherited)",
				);
				GCC_WARN_64_TO_32_BIT_CONVERSION = YES;
				GCC_WARN_ABOUT_RETURN_TYPE = YES_ERROR;
				GCC_WARN_UNDECLARED_SELECTOR = YES;
				GCC_WARN_UNINITIALIZED_AUTOS = YES_AGGRESSIVE;
				GCC_WARN_UNUSED_FUNCTION = YES;
				GCC_WARN_UNUSED_VARIABLE = YES;
				IPHONEOS_DEPLOYMENT_TARGET = 11.3;
				MTL_ENABLE_DEBUG_INFO = YES;
				ONLY_ACTIVE_ARCH = YES;
				SDKROOT = iphoneos;
				SWIFT_ACTIVE_COMPILATION_CONDITIONS = DEBUG;
				SWIFT_OPTIMIZATION_LEVEL = "-Onone";
			};
			name = Debug;
		};
		8235060A209E2EDF004F1A23 /* Release */ = {
			isa = XCBuildConfiguration;
			buildSettings = {
				ALWAYS_SEARCH_USER_PATHS = NO;
				CLANG_ANALYZER_NONNULL = YES;
				CLANG_ANALYZER_NUMBER_OBJECT_CONVERSION = YES_AGGRESSIVE;
				CLANG_CXX_LANGUAGE_STANDARD = "gnu++14";
				CLANG_CXX_LIBRARY = "libc++";
				CLANG_ENABLE_MODULES = YES;
				CLANG_ENABLE_OBJC_ARC = YES;
				CLANG_ENABLE_OBJC_WEAK = YES;
				CLANG_WARN_BLOCK_CAPTURE_AUTORELEASING = YES;
				CLANG_WARN_BOOL_CONVERSION = YES;
				CLANG_WARN_COMMA = YES;
				CLANG_WARN_CONSTANT_CONVERSION = YES;
				CLANG_WARN_DEPRECATED_OBJC_IMPLEMENTATIONS = YES;
				CLANG_WARN_DIRECT_OBJC_ISA_USAGE = YES_ERROR;
				CLANG_WARN_DOCUMENTATION_COMMENTS = YES;
				CLANG_WARN_EMPTY_BODY = YES;
				CLANG_WARN_ENUM_CONVERSION = YES;
				CLANG_WARN_INFINITE_RECURSION = YES;
				CLANG_WARN_INT_CONVERSION = YES;
				CLANG_WARN_NON_LITERAL_NULL_CONVERSION = YES;
				CLANG_WARN_OBJC_IMPLICIT_RETAIN_SELF = YES;
				CLANG_WARN_OBJC_LITERAL_CONVERSION = YES;
				CLANG_WARN_OBJC_ROOT_CLASS = YES_ERROR;
				CLANG_WARN_RANGE_LOOP_ANALYSIS = YES;
				CLANG_WARN_STRICT_PROTOTYPES = YES;
				CLANG_WARN_SUSPICIOUS_MOVE = YES;
				CLANG_WARN_UNGUARDED_AVAILABILITY = YES_AGGRESSIVE;
				CLANG_WARN_UNREACHABLE_CODE = YES;
				CLANG_WARN__DUPLICATE_METHOD_MATCH = YES;
				CODE_SIGN_IDENTITY = "iPhone Developer";
				COPY_PHASE_STRIP = NO;
				DEBUG_INFORMATION_FORMAT = "dwarf-with-dsym";
				ENABLE_NS_ASSERTIONS = NO;
				ENABLE_STRICT_OBJC_MSGSEND = YES;
				GCC_C_LANGUAGE_STANDARD = gnu11;
				GCC_NO_COMMON_BLOCKS = YES;
				GCC_WARN_64_TO_32_BIT_CONVERSION = YES;
				GCC_WARN_ABOUT_RETURN_TYPE = YES_ERROR;
				GCC_WARN_UNDECLARED_SELECTOR = YES;
				GCC_WARN_UNINITIALIZED_AUTOS = YES_AGGRESSIVE;
				GCC_WARN_UNUSED_FUNCTION = YES;
				GCC_WARN_UNUSED_VARIABLE = YES;
				IPHONEOS_DEPLOYMENT_TARGET = 11.3;
				MTL_ENABLE_DEBUG_INFO = NO;
				SDKROOT = iphoneos;
				SWIFT_COMPILATION_MODE = wholemodule;
				SWIFT_OPTIMIZATION_LEVEL = "-O";
				VALIDATE_PRODUCT = YES;
			};
			name = Release;
		};
		8235060C209E2EDF004F1A23 /* Debug */ = {
			isa = XCBuildConfiguration;
			buildSettings = {
				ASSETCATALOG_COMPILER_APPICON_NAME = AppIcon;
				CODE_SIGN_STYLE = Automatic;
				DEVELOPMENT_TEAM = 2SJ9US79YS;
				INFOPLIST_FILE = Twv8f9ColorPicker/Info.plist;
				LD_RUNPATH_SEARCH_PATHS = (
					"$(inherited)",
					"@executable_path/Frameworks",
				);
				PRODUCT_BUNDLE_IDENTIFIER = CoreData.Twv8f9ColorPicker;
				PRODUCT_NAME = "$(TARGET_NAME)";
				SWIFT_VERSION = 4.0;
				TARGETED_DEVICE_FAMILY = "1,2";
			};
			name = Debug;
		};
		8235060D209E2EDF004F1A23 /* Release */ = {
			isa = XCBuildConfiguration;
			buildSettings = {
				ASSETCATALOG_COMPILER_APPICON_NAME = AppIcon;
				CODE_SIGN_STYLE = Automatic;
				DEVELOPMENT_TEAM = 2SJ9US79YS;
				INFOPLIST_FILE = Twv8f9ColorPicker/Info.plist;
				LD_RUNPATH_SEARCH_PATHS = (
					"$(inherited)",
					"@executable_path/Frameworks",
				);
				PRODUCT_BUNDLE_IDENTIFIER = CoreData.Twv8f9ColorPicker;
				PRODUCT_NAME = "$(TARGET_NAME)";
				SWIFT_VERSION = 4.0;
				TARGETED_DEVICE_FAMILY = "1,2";
			};
			name = Release;
		};
		8235060F209E2EDF004F1A23 /* Debug */ = {
			isa = XCBuildConfiguration;
			buildSettings = {
				ALWAYS_EMBED_SWIFT_STANDARD_LIBRARIES = YES;
				BUNDLE_LOADER = "$(TEST_HOST)";
				CODE_SIGN_STYLE = Automatic;
				DEVELOPMENT_TEAM = 2SJ9US79YS;
				INFOPLIST_FILE = Twv8f9ColorPickerTests/Info.plist;
				LD_RUNPATH_SEARCH_PATHS = (
					"$(inherited)",
					"@executable_path/Frameworks",
					"@loader_path/Frameworks",
				);
				PRODUCT_BUNDLE_IDENTIFIER = CoreData.Twv8f9ColorPickerTests;
				PRODUCT_NAME = "$(TARGET_NAME)";
				SWIFT_VERSION = 4.0;
				TARGETED_DEVICE_FAMILY = "1,2";
				TEST_HOST = "$(BUILT_PRODUCTS_DIR)/Twv8f9ColorPicker.app/Twv8f9ColorPicker";
			};
			name = Debug;
		};
		82350610209E2EDF004F1A23 /* Release */ = {
			isa = XCBuildConfiguration;
			buildSettings = {
				ALWAYS_EMBED_SWIFT_STANDARD_LIBRARIES = YES;
				BUNDLE_LOADER = "$(TEST_HOST)";
				CODE_SIGN_STYLE = Automatic;
				DEVELOPMENT_TEAM = 2SJ9US79YS;
				INFOPLIST_FILE = Twv8f9ColorPickerTests/Info.plist;
				LD_RUNPATH_SEARCH_PATHS = (
					"$(inherited)",
					"@executable_path/Frameworks",
					"@loader_path/Frameworks",
				);
				PRODUCT_BUNDLE_IDENTIFIER = CoreData.Twv8f9ColorPickerTests;
				PRODUCT_NAME = "$(TARGET_NAME)";
				SWIFT_VERSION = 4.0;
				TARGETED_DEVICE_FAMILY = "1,2";
				TEST_HOST = "$(BUILT_PRODUCTS_DIR)/Twv8f9ColorPicker.app/Twv8f9ColorPicker";
			};
			name = Release;
		};
		82350612209E2EDF004F1A23 /* Debug */ = {
			isa = XCBuildConfiguration;
			buildSettings = {
				ALWAYS_EMBED_SWIFT_STANDARD_LIBRARIES = YES;
				CODE_SIGN_STYLE = Automatic;
				DEVELOPMENT_TEAM = 2SJ9US79YS;
				INFOPLIST_FILE = Twv8f9ColorPickerUITests/Info.plist;
				LD_RUNPATH_SEARCH_PATHS = (
					"$(inherited)",
					"@executable_path/Frameworks",
					"@loader_path/Frameworks",
				);
				PRODUCT_BUNDLE_IDENTIFIER = CoreData.Twv8f9ColorPickerUITests;
				PRODUCT_NAME = "$(TARGET_NAME)";
				SWIFT_VERSION = 4.0;
				TARGETED_DEVICE_FAMILY = "1,2";
				TEST_TARGET_NAME = Twv8f9ColorPicker;
			};
			name = Debug;
		};
		82350613209E2EDF004F1A23 /* Release */ = {
			isa = XCBuildConfiguration;
			buildSettings = {
				ALWAYS_EMBED_SWIFT_STANDARD_LIBRARIES = YES;
				CODE_SIGN_STYLE = Automatic;
				DEVELOPMENT_TEAM = 2SJ9US79YS;
				INFOPLIST_FILE = Twv8f9ColorPickerUITests/Info.plist;
				LD_RUNPATH_SEARCH_PATHS = (
					"$(inherited)",
					"@executable_path/Frameworks",
					"@loader_path/Frameworks",
				);
				PRODUCT_BUNDLE_IDENTIFIER = CoreData.Twv8f9ColorPickerUITests;
				PRODUCT_NAME = "$(TARGET_NAME)";
				SWIFT_VERSION = 4.0;
				TARGETED_DEVICE_FAMILY = "1,2";
				TEST_TARGET_NAME = Twv8f9ColorPicker;
			};
			name = Release;
		};
/* End XCBuildConfiguration section */

/* Begin XCConfigurationList section */
		823505DB209E2EDD004F1A23 /* Build configuration list for PBXProject "Twv8f9ColorPicker" */ = {
			isa = XCConfigurationList;
			buildConfigurations = (
				82350609209E2EDF004F1A23 /* Debug */,
				8235060A209E2EDF004F1A23 /* Release */,
			);
			defaultConfigurationIsVisible = 0;
			defaultConfigurationName = Release;
		};
		8235060B209E2EDF004F1A23 /* Build configuration list for PBXNativeTarget "Twv8f9ColorPicker" */ = {
			isa = XCConfigurationList;
			buildConfigurations = (
				8235060C209E2EDF004F1A23 /* Debug */,
				8235060D209E2EDF004F1A23 /* Release */,
			);
			defaultConfigurationIsVisible = 0;
			defaultConfigurationName = Release;
		};
		8235060E209E2EDF004F1A23 /* Build configuration list for PBXNativeTarget "Twv8f9ColorPickerTests" */ = {
			isa = XCConfigurationList;
			buildConfigurations = (
				8235060F209E2EDF004F1A23 /* Debug */,
				82350610209E2EDF004F1A23 /* Release */,
			);
			defaultConfigurationIsVisible = 0;
			defaultConfigurationName = Release;
		};
		82350611209E2EDF004F1A23 /* Build configuration list for PBXNativeTarget "Twv8f9ColorPickerUITests" */ = {
			isa = XCConfigurationList;
			buildConfigurations = (
				82350612209E2EDF004F1A23 /* Debug */,
				82350613209E2EDF004F1A23 /* Release */,
			);
			defaultConfigurationIsVisible = 0;
			defaultConfigurationName = Release;
		};
/* End XCConfigurationList section */

/* Begin XCVersionGroup section */
		823505EA209E2EDD004F1A23 /* Twv8f9ColorPicker.xcdatamodeld */ = {
			isa = XCVersionGroup;
			children = (
				823505EB209E2EDD004F1A23 /* Twv8f9ColorPicker.xcdatamodel */,
			);
			currentVersion = 823505EB209E2EDD004F1A23 /* Twv8f9ColorPicker.xcdatamodel */;
			path = Twv8f9ColorPicker.xcdatamodeld;
			sourceTree = "<group>";
			versionGroupType = wrapper.xcdatamodel;
		};
/* End XCVersionGroup section */
	};
	rootObject = 823505D8209E2EDD004F1A23 /* Project object */;
}
